
Microsoft Visual Studio Solution File, Format Version 12.00
# Visual Studio Version 17
VisualStudioVersion = 17.13.35818.85 d17.13
MinimumVisualStudioVersion = 10.0.40219.1
Project("{FAE04EC0-301F-11D3-BF4B-00C04F79EFBC}") = "Ejemplo3_19795333", "Ejemplo3_19795333\Ejemplo3_19795333.csproj", "{19F7D692-C836-48A8-8F9A-1950A2C61AEC}"
EndProject
Global
	GlobalSection(SolutionConfigurationPlatforms) = preSolution
		Debug|Any CPU = Debug|Any CPU
		Release|Any CPU = Release|Any CPU
	EndGlobalSection
	GlobalSection(ProjectConfigurationPlatforms) = postSolution
		{19F7D692-C836-48A8-8F9A-1950A2C61AEC}.Debug|Any CPU.ActiveCfg = Debug|Any CPU
		{19F7D692-C836-48A8-8F9A-1950A2C61AEC}.Debug|Any CPU.Build.0 = Debug|Any CPU
		{19F7D692-C836-48A8-8F9A-1950A2C61AEC}.Release|Any CPU.ActiveCfg = Release|Any CPU
		{19F7D692-C836-48A8-8F9A-1950A2C61AEC}.Release|Any CPU.Build.0 = Release|Any CPU
	EndGlobalSection
	GlobalSection(SolutionProperties) = preSolution
		HideSolutionNode = FALSE
	EndGlobalSection
	GlobalSection(ExtensibilityGlobals) = postSolution
		SolutionGuid = {6787553D-3D4B-4286-BF0C-6C0C9E6C1AFF}
	EndGlobalSection
EndGlobal
